
Microsoft Visual Studio Solution File, Format Version 12.00
# Visual Studio Version 17
VisualStudioVersion = 17.7.34024.191
MinimumVisualStudioVersion = 10.0.40219.1
Project("{FAE04EC0-301F-11D3-BF4B-00C04F79EFBC}") = "WpfChurgel", "WpfChurgel\WpfChurgel.csproj", "{FDC8F5E0-FFA6-4A34-B4EC-9F52B8642B88}"
EndProject
Global
	GlobalSection(SolutionConfigurationPlatforms) = preSolution
		Debug|Any CPU = Debug|Any CPU
		Release|Any CPU = Release|Any CPU
	EndGlobalSection
	GlobalSection(ProjectConfigurationPlatforms) = postSolution
		{FDC8F5E0-FFA6-4A34-B4EC-9F52B8642B88}.Debug|Any CPU.ActiveCfg = Debug|Any CPU
		{FDC8F5E0-FFA6-4A34-B4EC-9F52B8642B88}.Debug|Any CPU.Build.0 = Debug|Any CPU
		{FDC8F5E0-FFA6-4A34-B4EC-9F52B8642B88}.Release|Any CPU.ActiveCfg = Release|Any CPU
		{FDC8F5E0-FFA6-4A34-B4EC-9F52B8642B88}.Release|Any CPU.Build.0 = Release|Any CPU
	EndGlobalSection
	GlobalSection(SolutionProperties) = preSolution
		HideSolutionNode = FALSE
	EndGlobalSection
	GlobalSection(ExtensibilityGlobals) = postSolution
		SolutionGuid = {FEA8E33C-2F98-4784-B32B-1597BD052FB6}
	EndGlobalSection
EndGlobal
